
Microsoft Visual Studio Solution File, Format Version 12.00
# Visual Studio Version 16
Project("{8BC9CEB8-8B4A-11D0-8D11-00A0C91BC942}") = "main", "main\main.vcxproj", "{6A7F9A7C-56B6-9B0D-FFA2-8110EBB8170F}"
EndProject
Project("{8BC9CEB8-8B4A-11D0-8D11-00A0C91BC942}") = "main-shaders", "assets\main-shaders.vcxproj", "{A15CD883-8DBF-6728-3645-A0DE228733AB}"
EndProject
Project("{8BC9CEB8-8B4A-11D0-8D11-00A0C91BC942}") = "support", "support\support.vcxproj", "{E2833EB1-4E63-BD4C-577B-4823C3D923AE}"
EndProject
Project("{8BC9CEB8-8B4A-11D0-8D11-00A0C91BC942}") = "vmlib", "vmlib\vmlib.vcxproj", "{3FEA9310-ABFE-BBC1-7480-5F21E053B8F2}"
EndProject
Project("{8BC9CEB8-8B4A-11D0-8D11-00A0C91BC942}") = "vmlib-test", "vmlib-test\vmlib-test.vcxproj", "{2CD1FAD1-1889-3C1F-8190-157B6D67D70F}"
EndProject
Project("{8BC9CEB8-8B4A-11D0-8D11-00A0C91BC942}") = "x-catch2", "third_party\x-catch2.vcxproj", "{3F0F97B0-2BDC-F1BB-54F5-DF634021274A}"
EndProject
Project("{8BC9CEB8-8B4A-11D0-8D11-00A0C91BC942}") = "x-fontstash", "third_party\x-fontstash.vcxproj", "{C4625929-3018-D21E-B90C-CCF525C1C822}"
EndProject
Project("{8BC9CEB8-8B4A-11D0-8D11-00A0C91BC942}") = "x-glad", "third_party\x-glad.vcxproj", "{42B23223-2E54-5DF9-170F-714D0350E449}"
EndProject
Project("{8BC9CEB8-8B4A-11D0-8D11-00A0C91BC942}") = "x-glfw", "third_party\x-glfw.vcxproj", "{FAB23223-E654-5DF9-CF0F-714DBB50E449}"
EndProject
Project("{8BC9CEB8-8B4A-11D0-8D11-00A0C91BC942}") = "x-rapidobj", "third_party\x-rapidobj.vcxproj", "{B5238A01-A1DB-CB4E-0AE3-A4AAF6B9663F}"
EndProject
Project("{8BC9CEB8-8B4A-11D0-8D11-00A0C91BC942}") = "x-stb", "third_party\x-stb.vcxproj", "{33229510-9F36-BDC1-68B8-6021D48BB9F2}"
EndProject
Global
	GlobalSection(SolutionConfigurationPlatforms) = preSolution
		debug|x64 = debug|x64
		release|x64 = release|x64
	EndGlobalSection
	GlobalSection(ProjectConfigurationPlatforms) = postSolution
		{6A7F9A7C-56B6-9B0D-FFA2-8110EBB8170F}.debug|x64.ActiveCfg = debug|x64
		{6A7F9A7C-56B6-9B0D-FFA2-8110EBB8170F}.debug|x64.Build.0 = debug|x64
		{6A7F9A7C-56B6-9B0D-FFA2-8110EBB8170F}.release|x64.ActiveCfg = release|x64
		{6A7F9A7C-56B6-9B0D-FFA2-8110EBB8170F}.release|x64.Build.0 = release|x64
		{A15CD883-8DBF-6728-3645-A0DE228733AB}.debug|x64.ActiveCfg = debug|x64
		{A15CD883-8DBF-6728-3645-A0DE228733AB}.debug|x64.Build.0 = debug|x64
		{A15CD883-8DBF-6728-3645-A0DE228733AB}.release|x64.ActiveCfg = release|x64
		{A15CD883-8DBF-6728-3645-A0DE228733AB}.release|x64.Build.0 = release|x64
		{E2833EB1-4E63-BD4C-577B-4823C3D923AE}.debug|x64.ActiveCfg = debug|x64
		{E2833EB1-4E63-BD4C-577B-4823C3D923AE}.debug|x64.Build.0 = debug|x64
		{E2833EB1-4E63-BD4C-577B-4823C3D923AE}.release|x64.ActiveCfg = release|x64
		{E2833EB1-4E63-BD4C-577B-4823C3D923AE}.release|x64.Build.0 = release|x64
		{3FEA9310-ABFE-BBC1-7480-5F21E053B8F2}.debug|x64.ActiveCfg = debug|x64
		{3FEA9310-ABFE-BBC1-7480-5F21E053B8F2}.debug|x64.Build.0 = debug|x64
		{3FEA9310-ABFE-BBC1-7480-5F21E053B8F2}.release|x64.ActiveCfg = release|x64
		{3FEA9310-ABFE-BBC1-7480-5F21E053B8F2}.release|x64.Build.0 = release|x64
		{2CD1FAD1-1889-3C1F-8190-157B6D67D70F}.debug|x64.ActiveCfg = debug|x64
		{2CD1FAD1-1889-3C1F-8190-157B6D67D70F}.debug|x64.Build.0 = debug|x64
		{2CD1FAD1-1889-3C1F-8190-157B6D67D70F}.release|x64.ActiveCfg = release|x64
		{2CD1FAD1-1889-3C1F-8190-157B6D67D70F}.release|x64.Build.0 = release|x64
		{3F0F97B0-2BDC-F1BB-54F5-DF634021274A}.debug|x64.ActiveCfg = debug|x64
		{3F0F97B0-2BDC-F1BB-54F5-DF634021274A}.debug|x64.Build.0 = debug|x64
		{3F0F97B0-2BDC-F1BB-54F5-DF634021274A}.release|x64.ActiveCfg = release|x64
		{3F0F97B0-2BDC-F1BB-54F5-DF634021274A}.release|x64.Build.0 = release|x64
		{C4625929-3018-D21E-B90C-CCF525C1C822}.debug|x64.ActiveCfg = debug|x64
		{C4625929-3018-D21E-B90C-CCF525C1C822}.debug|x64.Build.0 = debug|x64
		{C4625929-3018-D21E-B90C-CCF525C1C822}.release|x64.ActiveCfg = release|x64
		{C4625929-3018-D21E-B90C-CCF525C1C822}.release|x64.Build.0 = release|x64
		{42B23223-2E54-5DF9-170F-714D0350E449}.debug|x64.ActiveCfg = debug|x64
		{42B23223-2E54-5DF9-170F-714D0350E449}.debug|x64.Build.0 = debug|x64
		{42B23223-2E54-5DF9-170F-714D0350E449}.release|x64.ActiveCfg = release|x64
		{42B23223-2E54-5DF9-170F-714D0350E449}.release|x64.Build.0 = release|x64
		{FAB23223-E654-5DF9-CF0F-714DBB50E449}.debug|x64.ActiveCfg = debug|x64
		{FAB23223-E654-5DF9-CF0F-714DBB50E449}.debug|x64.Build.0 = debug|x64
		{FAB23223-E654-5DF9-CF0F-714DBB50E449}.release|x64.ActiveCfg = release|x64
		{FAB23223-E654-5DF9-CF0F-714DBB50E449}.release|x64.Build.0 = release|x64
		{B5238A01-A1DB-CB4E-0AE3-A4AAF6B9663F}.debug|x64.ActiveCfg = debug|x64
		{B5238A01-A1DB-CB4E-0AE3-A4AAF6B9663F}.debug|x64.Build.0 = debug|x64
		{B5238A01-A1DB-CB4E-0AE3-A4AAF6B9663F}.release|x64.ActiveCfg = release|x64
		{B5238A01-A1DB-CB4E-0AE3-A4AAF6B9663F}.release|x64.Build.0 = release|x64
		{33229510-9F36-BDC1-68B8-6021D48BB9F2}.debug|x64.ActiveCfg = debug|x64
		{33229510-9F36-BDC1-68B8-6021D48BB9F2}.debug|x64.Build.0 = debug|x64
		{33229510-9F36-BDC1-68B8-6021D48BB9F2}.release|x64.ActiveCfg = release|x64
		{33229510-9F36-BDC1-68B8-6021D48BB9F2}.release|x64.Build.0 = release|x64
	EndGlobalSection
	GlobalSection(SolutionProperties) = preSolution
		HideSolutionNode = FALSE
	EndGlobalSection
EndGlobal
